
Microsoft Visual Studio Solution File, Format Version 12.00
# Visual Studio Version 17
VisualStudioVersion = 17.10.35004.147
MinimumVisualStudioVersion = 10.0.40219.1
Project("{FAE04EC0-301F-11D3-BF4B-00C04F79EFBC}") = "WebApplication1", "WebApplication1\WebApplication1.csproj", "{F3F81273-4E4B-4829-81FA-87CB184552F8}"
EndProject
Global
	GlobalSection(SolutionConfigurationPlatforms) = preSolution
		Debug|Any CPU = Debug|Any CPU
		Release|Any CPU = Release|Any CPU
	EndGlobalSection
	GlobalSection(ProjectConfigurationPlatforms) = postSolution
		{F3F81273-4E4B-4829-81FA-87CB184552F8}.Debug|Any CPU.ActiveCfg = Debug|Any CPU
		{F3F81273-4E4B-4829-81FA-87CB184552F8}.Debug|Any CPU.Build.0 = Debug|Any CPU
		{F3F81273-4E4B-4829-81FA-87CB184552F8}.Release|Any CPU.ActiveCfg = Release|Any CPU
		{F3F81273-4E4B-4829-81FA-87CB184552F8}.Release|Any CPU.Build.0 = Release|Any CPU
	EndGlobalSection
	GlobalSection(SolutionProperties) = preSolution
		HideSolutionNode = FALSE
	EndGlobalSection
	GlobalSection(ExtensibilityGlobals) = postSolution
		SolutionGuid = {4CD5CC38-8EC6-4FCE-AB30-2C47F572E2C6}
	EndGlobalSection
EndGlobal
